// !$*UTF8*$!
{
	archiveVersion = 1;
	classes = {
	};
	objectVersion = 52;
	objects = {

/* Begin PBXBuildFile section */
		0D0164C07C68588B17F31E30 /* Pods_FlashChat_FlashChatUITests.framework in Frameworks */ = {isa = PBXBuildFile; fileRef = 5BA66B83907F035891512400 /* Pods_FlashChat_FlashChatUITests.framework */; };
		374FC96526B951D0001EA329 /* AppDelegate.swift in Sources */ = {isa = PBXBuildFile; fileRef = 374FC96426B951D0001EA329 /* AppDelegate.swift */; };
		374FC96726B951D0001EA329 /* SceneDelegate.swift in Sources */ = {isa = PBXBuildFile; fileRef = 374FC96626B951D0001EA329 /* SceneDelegate.swift */; };
		374FC96C26B951D0001EA329 /* Main.storyboard in Resources */ = {isa = PBXBuildFile; fileRef = 374FC96A26B951D0001EA329 /* Main.storyboard */; };
		374FC96E26B951D4001EA329 /* Assets.xcassets in Resources */ = {isa = PBXBuildFile; fileRef = 374FC96D26B951D4001EA329 /* Assets.xcassets */; };
		374FC97126B951D4001EA329 /* LaunchScreen.storyboard in Resources */ = {isa = PBXBuildFile; fileRef = 374FC96F26B951D4001EA329 /* LaunchScreen.storyboard */; };
		374FC97C26B951D4001EA329 /* FlashChatTests.swift in Sources */ = {isa = PBXBuildFile; fileRef = 374FC97B26B951D4001EA329 /* FlashChatTests.swift */; };
		374FC98726B951D4001EA329 /* FlashChatUITests.swift in Sources */ = {isa = PBXBuildFile; fileRef = 374FC98626B951D4001EA329 /* FlashChatUITests.swift */; };
		374FC99926B9915A001EA329 /* WelcomeViewController.swift in Sources */ = {isa = PBXBuildFile; fileRef = 374FC99826B9915A001EA329 /* WelcomeViewController.swift */; };
		374FC99B26B99167001EA329 /* RegisterViewController.swift in Sources */ = {isa = PBXBuildFile; fileRef = 374FC99A26B99167001EA329 /* RegisterViewController.swift */; };
		374FC99D26B99173001EA329 /* LoginViewController.swift in Sources */ = {isa = PBXBuildFile; fileRef = 374FC99C26B99173001EA329 /* LoginViewController.swift */; };
		374FC99F26B9917E001EA329 /* ChatViewController.swift in Sources */ = {isa = PBXBuildFile; fileRef = 374FC99E26B9917E001EA329 /* ChatViewController.swift */; };
		374FC9A126BA33DB001EA329 /* GoogleService-Info.plist in Resources */ = {isa = PBXBuildFile; fileRef = 374FC9A026BA33DB001EA329 /* GoogleService-Info.plist */; };
		374FC9A326BA3D89001EA329 /* Constants.swift in Sources */ = {isa = PBXBuildFile; fileRef = 374FC9A226BA3D89001EA329 /* Constants.swift */; };
		374FC9A526BA4021001EA329 /* Message.swift in Sources */ = {isa = PBXBuildFile; fileRef = 374FC9A426BA4021001EA329 /* Message.swift */; };
		374FC9A826BA43C8001EA329 /* MessageCell.swift in Sources */ = {isa = PBXBuildFile; fileRef = 374FC9A626BA43C8001EA329 /* MessageCell.swift */; };
		374FC9A926BA43C8001EA329 /* MessageCell.xib in Resources */ = {isa = PBXBuildFile; fileRef = 374FC9A726BA43C8001EA329 /* MessageCell.xib */; };
		374FC9AC26BA65AE001EA329 /* IQKeyboardManagerSwift in Frameworks */ = {isa = PBXBuildFile; productRef = 374FC9AB26BA65AE001EA329 /* IQKeyboardManagerSwift */; };
		AF16754C2E871BC3F4C031DE /* Pods_FlashChat.framework in Frameworks */ = {isa = PBXBuildFile; fileRef = 2948F9BC14105ED30BCED4F1 /* Pods_FlashChat.framework */; };
		D84F0152DBAF7CE00F3790D2 /* Pods_FlashChatTests.framework in Frameworks */ = {isa = PBXBuildFile; fileRef = CCD6B3E689C25F91E34E4FCF /* Pods_FlashChatTests.framework */; };
/* End PBXBuildFile section */

/* Begin PBXContainerItemProxy section */
		374FC97826B951D4001EA329 /* PBXContainerItemProxy */ = {
			isa = PBXContainerItemProxy;
			containerPortal = 374FC95926B951D0001EA329 /* Project object */;
			proxyType = 1;
			remoteGlobalIDString = 374FC96026B951D0001EA329;
			remoteInfo = FlashChat;
		};
		374FC98326B951D4001EA329 /* PBXContainerItemProxy */ = {
			isa = PBXContainerItemProxy;
			containerPortal = 374FC95926B951D0001EA329 /* Project object */;
			proxyType = 1;
			remoteGlobalIDString = 374FC96026B951D0001EA329;
			remoteInfo = FlashChat;
		};
/* End PBXContainerItemProxy section */

/* Begin PBXFileReference section */
		2948F9BC14105ED30BCED4F1 /* Pods_FlashChat.framework */ = {isa = PBXFileReference; explicitFileType = wrapper.framework; includeInIndex = 0; path = Pods_FlashChat.framework; sourceTree = BUILT_PRODUCTS_DIR; };
		2BF7476F1270D4F8A573A18B /* Pods-FlashChat-FlashChatUITests.debug.xcconfig */ = {isa = PBXFileReference; includeInIndex = 1; lastKnownFileType = text.xcconfig; name = "Pods-FlashChat-FlashChatUITests.debug.xcconfig"; path = "Target Support Files/Pods-FlashChat-FlashChatUITests/Pods-FlashChat-FlashChatUITests.debug.xcconfig"; sourceTree = "<group>"; };
		374FC96126B951D0001EA329 /* FlashChat.app */ = {isa = PBXFileReference; explicitFileType = wrapper.application; includeInIndex = 0; path = FlashChat.app; sourceTree = BUILT_PRODUCTS_DIR; };
		374FC96426B951D0001EA329 /* AppDelegate.swift */ = {isa = PBXFileReference; lastKnownFileType = sourcecode.swift; path = AppDelegate.swift; sourceTree = "<group>"; };
		374FC96626B951D0001EA329 /* SceneDelegate.swift */ = {isa = PBXFileReference; lastKnownFileType = sourcecode.swift; path = SceneDelegate.swift; sourceTree = "<group>"; };
		374FC96B26B951D0001EA329 /* Base */ = {isa = PBXFileReference; lastKnownFileType = file.storyboard; name = Base; path = Base.lproj/Main.storyboard; sourceTree = "<group>"; };
		374FC96D26B951D4001EA329 /* Assets.xcassets */ = {isa = PBXFileReference; lastKnownFileType = folder.assetcatalog; path = Assets.xcassets; sourceTree = "<group>"; };
		374FC97026B951D4001EA329 /* Base */ = {isa = PBXFileReference; lastKnownFileType = file.storyboard; name = Base; path = Base.lproj/LaunchScreen.storyboard; sourceTree = "<group>"; };
		374FC97226B951D4001EA329 /* Info.plist */ = {isa = PBXFileReference; lastKnownFileType = text.plist.xml; path = Info.plist; sourceTree = "<group>"; };
		374FC97726B951D4001EA329 /* FlashChatTests.xctest */ = {isa = PBXFileReference; explicitFileType = wrapper.cfbundle; includeInIndex = 0; path = FlashChatTests.xctest; sourceTree = BUILT_PRODUCTS_DIR; };
		374FC97B26B951D4001EA329 /* FlashChatTests.swift */ = {isa = PBXFileReference; lastKnownFileType = sourcecode.swift; path = FlashChatTests.swift; sourceTree = "<group>"; };
		374FC97D26B951D4001EA329 /* Info.plist */ = {isa = PBXFileReference; lastKnownFileType = text.plist.xml; path = Info.plist; sourceTree = "<group>"; };
		374FC98226B951D4001EA329 /* FlashChatUITests.xctest */ = {isa = PBXFileReference; explicitFileType = wrapper.cfbundle; includeInIndex = 0; path = FlashChatUITests.xctest; sourceTree = BUILT_PRODUCTS_DIR; };
		374FC98626B951D4001EA329 /* FlashChatUITests.swift */ = {isa = PBXFileReference; lastKnownFileType = sourcecode.swift; path = FlashChatUITests.swift; sourceTree = "<group>"; };
		374FC98826B951D4001EA329 /* Info.plist */ = {isa = PBXFileReference; lastKnownFileType = text.plist.xml; path = Info.plist; sourceTree = "<group>"; };
		374FC99426B98EF2001EA329 /* README.md */ = {isa = PBXFileReference; lastKnownFileType = net.daringfireball.markdown; path = README.md; sourceTree = "<group>"; };
		374FC99826B9915A001EA329 /* WelcomeViewController.swift */ = {isa = PBXFileReference; lastKnownFileType = sourcecode.swift; path = WelcomeViewController.swift; sourceTree = "<group>"; };
		374FC99A26B99167001EA329 /* RegisterViewController.swift */ = {isa = PBXFileReference; lastKnownFileType = sourcecode.swift; path = RegisterViewController.swift; sourceTree = "<group>"; };
		374FC99C26B99173001EA329 /* LoginViewController.swift */ = {isa = PBXFileReference; lastKnownFileType = sourcecode.swift; path = LoginViewController.swift; sourceTree = "<group>"; };
		374FC99E26B9917E001EA329 /* ChatViewController.swift */ = {isa = PBXFileReference; lastKnownFileType = sourcecode.swift; path = ChatViewController.swift; sourceTree = "<group>"; };
		374FC9A026BA33DB001EA329 /* GoogleService-Info.plist */ = {isa = PBXFileReference; fileEncoding = 4; lastKnownFileType = text.plist.xml; path = "GoogleService-Info.plist"; sourceTree = "<group>"; };
		374FC9A226BA3D89001EA329 /* Constants.swift */ = {isa = PBXFileReference; lastKnownFileType = sourcecode.swift; path = Constants.swift; sourceTree = "<group>"; };
		374FC9A426BA4021001EA329 /* Message.swift */ = {isa = PBXFileReference; lastKnownFileType = sourcecode.swift; path = Message.swift; sourceTree = "<group>"; };
		374FC9A626BA43C8001EA329 /* MessageCell.swift */ = {isa = PBXFileReference; lastKnownFileType = sourcecode.swift; path = MessageCell.swift; sourceTree = "<group>"; };
		374FC9A726BA43C8001EA329 /* MessageCell.xib */ = {isa = PBXFileReference; lastKnownFileType = file.xib; path = MessageCell.xib; sourceTree = "<group>"; };
		5BA66B83907F035891512400 /* Pods_FlashChat_FlashChatUITests.framework */ = {isa = PBXFileReference; explicitFileType = wrapper.framework; includeInIndex = 0; path = Pods_FlashChat_FlashChatUITests.framework; sourceTree = BUILT_PRODUCTS_DIR; };
		677A81FB3AEAA40372FABBE4 /* Pods-FlashChat.debug.xcconfig */ = {isa = PBXFileReference; includeInIndex = 1; lastKnownFileType = text.xcconfig; name = "Pods-FlashChat.debug.xcconfig"; path = "Target Support Files/Pods-FlashChat/Pods-FlashChat.debug.xcconfig"; sourceTree = "<group>"; };
		8BFA364B4399151C0D468BBA /* Pods-FlashChat.release.xcconfig */ = {isa = PBXFileReference; includeInIndex = 1; lastKnownFileType = text.xcconfig; name = "Pods-FlashChat.release.xcconfig"; path = "Target Support Files/Pods-FlashChat/Pods-FlashChat.release.xcconfig"; sourceTree = "<group>"; };
		BA923A231A867B0E9895C69D /* Pods-FlashChatTests.debug.xcconfig */ = {isa = PBXFileReference; includeInIndex = 1; lastKnownFileType = text.xcconfig; name = "Pods-FlashChatTests.debug.xcconfig"; path = "Target Support Files/Pods-FlashChatTests/Pods-FlashChatTests.debug.xcconfig"; sourceTree = "<group>"; };
		CCD6B3E689C25F91E34E4FCF /* Pods_FlashChatTests.framework */ = {isa = PBXFileReference; explicitFileType = wrapper.framework; includeInIndex = 0; path = Pods_FlashChatTests.framework; sourceTree = BUILT_PRODUCTS_DIR; };
		ED5379B09E6769A979A7E29D /* Pods-FlashChat-FlashChatUITests.release.xcconfig */ = {isa = PBXFileReference; includeInIndex = 1; lastKnownFileType = text.xcconfig; name = "Pods-FlashChat-FlashChatUITests.release.xcconfig"; path = "Target Support Files/Pods-FlashChat-FlashChatUITests/Pods-FlashChat-FlashChatUITests.release.xcconfig"; sourceTree = "<group>"; };
		EEC467A4EDB59714A03E9301 /* Pods-FlashChatTests.release.xcconfig */ = {isa = PBXFileReference; includeInIndex = 1; lastKnownFileType = text.xcconfig; name = "Pods-FlashChatTests.release.xcconfig"; path = "Target Support Files/Pods-FlashChatTests/Pods-FlashChatTests.release.xcconfig"; sourceTree = "<group>"; };
/* End PBXFileReference section */

/* Begin PBXFrameworksBuildPhase section */
		374FC95E26B951D0001EA329 /* Frameworks */ = {
			isa = PBXFrameworksBuildPhase;
			buildActionMask = 2147483647;
			files = (
				AF16754C2E871BC3F4C031DE /* Pods_FlashChat.framework in Frameworks */,
				374FC9AC26BA65AE001EA329 /* IQKeyboardManagerSwift in Frameworks */,
			);
			runOnlyForDeploymentPostprocessing = 0;
		};
		374FC97426B951D4001EA329 /* Frameworks */ = {
			isa = PBXFrameworksBuildPhase;
			buildActionMask = 2147483647;
			files = (
				D84F0152DBAF7CE00F3790D2 /* Pods_FlashChatTests.framework in Frameworks */,
			);
			runOnlyForDeploymentPostprocessing = 0;
		};
		374FC97F26B951D4001EA329 /* Frameworks */ = {
			isa = PBXFrameworksBuildPhase;
			buildActionMask = 2147483647;
			files = (
				0D0164C07C68588B17F31E30 /* Pods_FlashChat_FlashChatUITests.framework in Frameworks */,
			);
			runOnlyForDeploymentPostprocessing = 0;
		};
/* End PBXFrameworksBuildPhase section */

/* Begin PBXGroup section */
		374FC95826B951D0001EA329 = {
			isa = PBXGroup;
			children = (
				374FC99426B98EF2001EA329 /* README.md */,
				374FC96326B951D0001EA329 /* FlashChat */,
				374FC97A26B951D4001EA329 /* FlashChatTests */,
				374FC98526B951D4001EA329 /* FlashChatUITests */,
				374FC96226B951D0001EA329 /* Products */,
				CCAAAA2C929ECD5CAA2EBC38 /* Pods */,
				585FD5D7C8AE200169573B61 /* Frameworks */,
			);
			sourceTree = "<group>";
		};
		374FC96226B951D0001EA329 /* Products */ = {
			isa = PBXGroup;
			children = (
				374FC96126B951D0001EA329 /* FlashChat.app */,
				374FC97726B951D4001EA329 /* FlashChatTests.xctest */,
				374FC98226B951D4001EA329 /* FlashChatUITests.xctest */,
			);
			name = Products;
			sourceTree = "<group>";
		};
		374FC96326B951D0001EA329 /* FlashChat */ = {
			isa = PBXGroup;
			children = (
				374FC99726B99144001EA329 /* Model */,
				374FC99626B9913F001EA329 /* View */,
				374FC99526B99138001EA329 /* Controller */,
				374FC96426B951D0001EA329 /* AppDelegate.swift */,
				374FC96626B951D0001EA329 /* SceneDelegate.swift */,
				374FC96D26B951D4001EA329 /* Assets.xcassets */,
				374FC96F26B951D4001EA329 /* LaunchScreen.storyboard */,
				374FC97226B951D4001EA329 /* Info.plist */,
				374FC9A026BA33DB001EA329 /* GoogleService-Info.plist */,
				374FC9A226BA3D89001EA329 /* Constants.swift */,
			);
			path = FlashChat;
			sourceTree = "<group>";
		};
		374FC97A26B951D4001EA329 /* FlashChatTests */ = {
			isa = PBXGroup;
			children = (
				374FC97B26B951D4001EA329 /* FlashChatTests.swift */,
				374FC97D26B951D4001EA329 /* Info.plist */,
			);
			path = FlashChatTests;
			sourceTree = "<group>";
		};
		374FC98526B951D4001EA329 /* FlashChatUITests */ = {
			isa = PBXGroup;
			children = (
				374FC98626B951D4001EA329 /* FlashChatUITests.swift */,
				374FC98826B951D4001EA329 /* Info.plist */,
			);
			path = FlashChatUITests;
			sourceTree = "<group>";
		};
		374FC99526B99138001EA329 /* Controller */ = {
			isa = PBXGroup;
			children = (
				374FC99826B9915A001EA329 /* WelcomeViewController.swift */,
				374FC99A26B99167001EA329 /* RegisterViewController.swift */,
				374FC99C26B99173001EA329 /* LoginViewController.swift */,
				374FC99E26B9917E001EA329 /* ChatViewController.swift */,
			);
			path = Controller;
			sourceTree = "<group>";
		};
		374FC99626B9913F001EA329 /* View */ = {
			isa = PBXGroup;
			children = (
				374FC96A26B951D0001EA329 /* Main.storyboard */,
				374FC9A626BA43C8001EA329 /* MessageCell.swift */,
				374FC9A726BA43C8001EA329 /* MessageCell.xib */,
			);
			path = View;
			sourceTree = "<group>";
		};
		374FC99726B99144001EA329 /* Model */ = {
			isa = PBXGroup;
			children = (
				374FC9A426BA4021001EA329 /* Message.swift */,
			);
			path = Model;
			sourceTree = "<group>";
		};
		585FD5D7C8AE200169573B61 /* Frameworks */ = {
			isa = PBXGroup;
			children = (
				2948F9BC14105ED30BCED4F1 /* Pods_FlashChat.framework */,
				5BA66B83907F035891512400 /* Pods_FlashChat_FlashChatUITests.framework */,
				CCD6B3E689C25F91E34E4FCF /* Pods_FlashChatTests.framework */,
			);
			name = Frameworks;
			sourceTree = "<group>";
		};
		CCAAAA2C929ECD5CAA2EBC38 /* Pods */ = {
			isa = PBXGroup;
			children = (
				677A81FB3AEAA40372FABBE4 /* Pods-FlashChat.debug.xcconfig */,
				8BFA364B4399151C0D468BBA /* Pods-FlashChat.release.xcconfig */,
				2BF7476F1270D4F8A573A18B /* Pods-FlashChat-FlashChatUITests.debug.xcconfig */,
				ED5379B09E6769A979A7E29D /* Pods-FlashChat-FlashChatUITests.release.xcconfig */,
				BA923A231A867B0E9895C69D /* Pods-FlashChatTests.debug.xcconfig */,
				EEC467A4EDB59714A03E9301 /* Pods-FlashChatTests.release.xcconfig */,
			);
			path = Pods;
			sourceTree = "<group>";
		};
/* End PBXGroup section */

/* Begin PBXNativeTarget section */
		374FC96026B951D0001EA329 /* FlashChat */ = {
			isa = PBXNativeTarget;
			buildConfigurationList = 374FC98B26B951D4001EA329 /* Build configuration list for PBXNativeTarget "FlashChat" */;
			buildPhases = (
				55FABBDCFCF7A32E84AD5471 /* [CP] Check Pods Manifest.lock */,
				374FC95D26B951D0001EA329 /* Sources */,
				374FC95E26B951D0001EA329 /* Frameworks */,
				374FC95F26B951D0001EA329 /* Resources */,
				31D9174103F4CCA3A1D6A02E /* [CP] Embed Pods Frameworks */,
			);
			buildRules = (
			);
			dependencies = (
			);
			name = FlashChat;
			packageProductDependencies = (
				374FC9AB26BA65AE001EA329 /* IQKeyboardManagerSwift */,
			);
			productName = FlashChat;
			productReference = 374FC96126B951D0001EA329 /* FlashChat.app */;
			productType = "com.apple.product-type.application";
		};
		374FC97626B951D4001EA329 /* FlashChatTests */ = {
			isa = PBXNativeTarget;
			buildConfigurationList = 374FC98E26B951D4001EA329 /* Build configuration list for PBXNativeTarget "FlashChatTests" */;
			buildPhases = (
				BDE2FFC7E0061DC2D4DE8150 /* [CP] Check Pods Manifest.lock */,
				374FC97326B951D4001EA329 /* Sources */,
				374FC97426B951D4001EA329 /* Frameworks */,
				374FC97526B951D4001EA329 /* Resources */,
			);
			buildRules = (
			);
			dependencies = (
				374FC97926B951D4001EA329 /* PBXTargetDependency */,
			);
			name = FlashChatTests;
			productName = FlashChatTests;
			productReference = 374FC97726B951D4001EA329 /* FlashChatTests.xctest */;
			productType = "com.apple.product-type.bundle.unit-test";
		};
		374FC98126B951D4001EA329 /* FlashChatUITests */ = {
			isa = PBXNativeTarget;
			buildConfigurationList = 374FC99126B951D4001EA329 /* Build configuration list for PBXNativeTarget "FlashChatUITests" */;
			buildPhases = (
				3C7C41CA526C98F337832C44 /* [CP] Check Pods Manifest.lock */,
				374FC97E26B951D4001EA329 /* Sources */,
				374FC97F26B951D4001EA329 /* Frameworks */,
				374FC98026B951D4001EA329 /* Resources */,
				2FCA6AE3DBD8B3106430631B /* [CP] Embed Pods Frameworks */,
			);
			buildRules = (
			);
			dependencies = (
				374FC98426B951D4001EA329 /* PBXTargetDependency */,
			);
			name = FlashChatUITests;
			productName = FlashChatUITests;
			productReference = 374FC98226B951D4001EA329 /* FlashChatUITests.xctest */;
			productType = "com.apple.product-type.bundle.ui-testing";
		};
/* End PBXNativeTarget section */

/* Begin PBXProject section */
		374FC95926B951D0001EA329 /* Project object */ = {
			isa = PBXProject;
			attributes = {
				LastSwiftUpdateCheck = 1250;
				LastUpgradeCheck = 1250;
				TargetAttributes = {
					374FC96026B951D0001EA329 = {
						CreatedOnToolsVersion = 12.5.1;
					};
					374FC97626B951D4001EA329 = {
						CreatedOnToolsVersion = 12.5.1;
						TestTargetID = 374FC96026B951D0001EA329;
					};
					374FC98126B951D4001EA329 = {
						CreatedOnToolsVersion = 12.5.1;
						TestTargetID = 374FC96026B951D0001EA329;
					};
				};
			};
			buildConfigurationList = 374FC95C26B951D0001EA329 /* Build configuration list for PBXProject "FlashChat" */;
			compatibilityVersion = "Xcode 9.3";
			developmentRegion = en;
			hasScannedForEncodings = 0;
			knownRegions = (
				en,
				Base,
			);
			mainGroup = 374FC95826B951D0001EA329;
			packageReferences = (
				374FC9AA26BA65AE001EA329 /* XCRemoteSwiftPackageReference "IQKeyboardManager" */,
			);
			productRefGroup = 374FC96226B951D0001EA329 /* Products */;
			projectDirPath = "";
			projectRoot = "";
			targets = (
				374FC96026B951D0001EA329 /* FlashChat */,
				374FC97626B951D4001EA329 /* FlashChatTests */,
				374FC98126B951D4001EA329 /* FlashChatUITests */,
			);
		};
/* End PBXProject section */

/* Begin PBXResourcesBuildPhase section */
		374FC95F26B951D0001EA329 /* Resources */ = {
			isa = PBXResourcesBuildPhase;
			buildActionMask = 2147483647;
			files = (
				374FC9A926BA43C8001EA329 /* MessageCell.xib in Resources */,
				374FC97126B951D4001EA329 /* LaunchScreen.storyboard in Resources */,
				374FC9A126BA33DB001EA329 /* GoogleService-Info.plist in Resources */,
				374FC96E26B951D4001EA329 /* Assets.xcassets in Resources */,
				374FC96C26B951D0001EA329 /* Main.storyboard in Resources */,
			);
			runOnlyForDeploymentPostprocessing = 0;
		};
		374FC97526B951D4001EA329 /* Resources */ = {
			isa = PBXResourcesBuildPhase;
			buildActionMask = 2147483647;
			files = (
			);
			runOnlyForDeploymentPostprocessing = 0;
		};
		374FC98026B951D4001EA329 /* Resources */ = {
			isa = PBXResourcesBuildPhase;
			buildActionMask = 2147483647;
			files = (
			);
			runOnlyForDeploymentPostprocessing = 0;
		};
/* End PBXResourcesBuildPhase section */

/* Begin PBXShellScriptBuildPhase section */
		2FCA6AE3DBD8B3106430631B /* [CP] Embed Pods Frameworks */ = {
			isa = PBXShellScriptBuildPhase;
			buildActionMask = 2147483647;
			files = (
			);
			inputFileListPaths = (
				"${PODS_ROOT}/Target Support Files/Pods-FlashChat-FlashChatUITests/Pods-FlashChat-FlashChatUITests-frameworks-${CONFIGURATION}-input-files.xcfilelist",
			);
			name = "[CP] Embed Pods Frameworks";
			outputFileListPaths = (
				"${PODS_ROOT}/Target Support Files/Pods-FlashChat-FlashChatUITests/Pods-FlashChat-FlashChatUITests-frameworks-${CONFIGURATION}-output-files.xcfilelist",
			);
			runOnlyForDeploymentPostprocessing = 0;
			shellPath = /bin/sh;
			shellScript = "\"${PODS_ROOT}/Target Support Files/Pods-FlashChat-FlashChatUITests/Pods-FlashChat-FlashChatUITests-frameworks.sh\"\n";
			showEnvVarsInLog = 0;
		};
		31D9174103F4CCA3A1D6A02E /* [CP] Embed Pods Frameworks */ = {
			isa = PBXShellScriptBuildPhase;
			buildActionMask = 2147483647;
			files = (
			);
			inputFileListPaths = (
				"${PODS_ROOT}/Target Support Files/Pods-FlashChat/Pods-FlashChat-frameworks-${CONFIGURATION}-input-files.xcfilelist",
			);
			name = "[CP] Embed Pods Frameworks";
			outputFileListPaths = (
				"${PODS_ROOT}/Target Support Files/Pods-FlashChat/Pods-FlashChat-frameworks-${CONFIGURATION}-output-files.xcfilelist",
			);
			runOnlyForDeploymentPostprocessing = 0;
			shellPath = /bin/sh;
			shellScript = "\"${PODS_ROOT}/Target Support Files/Pods-FlashChat/Pods-FlashChat-frameworks.sh\"\n";
			showEnvVarsInLog = 0;
		};
		3C7C41CA526C98F337832C44 /* [CP] Check Pods Manifest.lock */ = {
			isa = PBXShellScriptBuildPhase;
			buildActionMask = 2147483647;
			files = (
			);
			inputFileListPaths = (
			);
			inputPaths = (
				"${PODS_PODFILE_DIR_PATH}/Podfile.lock",
				"${PODS_ROOT}/Manifest.lock",
			);
			name = "[CP] Check Pods Manifest.lock";
			outputFileListPaths = (
			);
			outputPaths = (
				"$(DERIVED_FILE_DIR)/Pods-FlashChat-FlashChatUITests-checkManifestLockResult.txt",
			);
			runOnlyForDeploymentPostprocessing = 0;
			shellPath = /bin/sh;
			shellScript = "diff \"${PODS_PODFILE_DIR_PATH}/Podfile.lock\" \"${PODS_ROOT}/Manifest.lock\" > /dev/null\nif [ $? != 0 ] ; then\n    # print error to STDERR\n    echo \"error: The sandbox is not in sync with the Podfile.lock. Run 'pod install' or update your CocoaPods installation.\" >&2\n    exit 1\nfi\n# This output is used by Xcode 'outputs' to avoid re-running this script phase.\necho \"SUCCESS\" > \"${SCRIPT_OUTPUT_FILE_0}\"\n";
			showEnvVarsInLog = 0;
		};
		55FABBDCFCF7A32E84AD5471 /* [CP] Check Pods Manifest.lock */ = {
			isa = PBXShellScriptBuildPhase;
			buildActionMask = 2147483647;
			files = (
			);
			inputFileListPaths = (
			);
			inputPaths = (
				"${PODS_PODFILE_DIR_PATH}/Podfile.lock",
				"${PODS_ROOT}/Manifest.lock",
			);
			name = "[CP] Check Pods Manifest.lock";
			outputFileListPaths = (
			);
			outputPaths = (
				"$(DERIVED_FILE_DIR)/Pods-FlashChat-checkManifestLockResult.txt",
			);
			runOnlyForDeploymentPostprocessing = 0;
			shellPath = /bin/sh;
			shellScript = "diff \"${PODS_PODFILE_DIR_PATH}/Podfile.lock\" \"${PODS_ROOT}/Manifest.lock\" > /dev/null\nif [ $? != 0 ] ; then\n    # print error to STDERR\n    echo \"error: The sandbox is not in sync with the Podfile.lock. Run 'pod install' or update your CocoaPods installation.\" >&2\n    exit 1\nfi\n# This output is used by Xcode 'outputs' to avoid re-running this script phase.\necho \"SUCCESS\" > \"${SCRIPT_OUTPUT_FILE_0}\"\n";
			showEnvVarsInLog = 0;
		};
		BDE2FFC7E0061DC2D4DE8150 /* [CP] Check Pods Manifest.lock */ = {
			isa = PBXShellScriptBuildPhase;
			buildActionMask = 2147483647;
			files = (
			);
			inputFileListPaths = (
			);
			inputPaths = (
				"${PODS_PODFILE_DIR_PATH}/Podfile.lock",
				"${PODS_ROOT}/Manifest.lock",
			);
			name = "[CP] Check Pods Manifest.lock";
			outputFileListPaths = (
			);
			outputPaths = (
				"$(DERIVED_FILE_DIR)/Pods-FlashChatTests-checkManifestLockResult.txt",
			);
			runOnlyForDeploymentPostprocessing = 0;
			shellPath = /bin/sh;
			shellScript = "diff \"${PODS_PODFILE_DIR_PATH}/Podfile.lock\" \"${PODS_ROOT}/Manifest.lock\" > /dev/null\nif [ $? != 0 ] ; then\n    # print error to STDERR\n    echo \"error: The sandbox is not in sync with the Podfile.lock. Run 'pod install' or update your CocoaPods installation.\" >&2\n    exit 1\nfi\n# This output is used by Xcode 'outputs' to avoid re-running this script phase.\necho \"SUCCESS\" > \"${SCRIPT_OUTPUT_FILE_0}\"\n";
			showEnvVarsInLog = 0;
		};
/* End PBXShellScriptBuildPhase section */

/* Begin PBXSourcesBuildPhase section */
		374FC95D26B951D0001EA329 /* Sources */ = {
			isa = PBXSourcesBuildPhase;
			buildActionMask = 2147483647;
			files = (
				374FC99D26B99173001EA329 /* LoginViewController.swift in Sources */,
				374FC99B26B99167001EA329 /* RegisterViewController.swift in Sources */,
				374FC99F26B9917E001EA329 /* ChatViewController.swift in Sources */,
				374FC99926B9915A001EA329 /* WelcomeViewController.swift in Sources */,
				374FC9A326BA3D89001EA329 /* Constants.swift in Sources */,
				374FC9A526BA4021001EA329 /* Message.swift in Sources */,
				374FC96526B951D0001EA329 /* AppDelegate.swift in Sources */,
				374FC96726B951D0001EA329 /* SceneDelegate.swift in Sources */,
				374FC9A826BA43C8001EA329 /* MessageCell.swift in Sources */,
			);
			runOnlyForDeploymentPostprocessing = 0;
		};
		374FC97326B951D4001EA329 /* Sources */ = {
			isa = PBXSourcesBuildPhase;
			buildActionMask = 2147483647;
			files = (
				374FC97C26B951D4001EA329 /* FlashChatTests.swift in Sources */,
			);
			runOnlyForDeploymentPostprocessing = 0;
		};
		374FC97E26B951D4001EA329 /* Sources */ = {
			isa = PBXSourcesBuildPhase;
			buildActionMask = 2147483647;
			files = (
				374FC98726B951D4001EA329 /* FlashChatUITests.swift in Sources */,
			);
			runOnlyForDeploymentPostprocessing = 0;
		};
/* End PBXSourcesBuildPhase section */

/* Begin PBXTargetDependency section */
		374FC97926B951D4001EA329 /* PBXTargetDependency */ = {
			isa = PBXTargetDependency;
			target = 374FC96026B951D0001EA329 /* FlashChat */;
			targetProxy = 374FC97826B951D4001EA329 /* PBXContainerItemProxy */;
		};
		374FC98426B951D4001EA329 /* PBXTargetDependency */ = {
			isa = PBXTargetDependency;
			target = 374FC96026B951D0001EA329 /* FlashChat */;
			targetProxy = 374FC98326B951D4001EA329 /* PBXContainerItemProxy */;
		};
/* End PBXTargetDependency section */

/* Begin PBXVariantGroup section */
		374FC96A26B951D0001EA329 /* Main.storyboard */ = {
			isa = PBXVariantGroup;
			children = (
				374FC96B26B951D0001EA329 /* Base */,
			);
			name = Main.storyboard;
			sourceTree = "<group>";
		};
		374FC96F26B951D4001EA329 /* LaunchScreen.storyboard */ = {
			isa = PBXVariantGroup;
			children = (
				374FC97026B951D4001EA329 /* Base */,
			);
			name = LaunchScreen.storyboard;
			sourceTree = "<group>";
		};
/* End PBXVariantGroup section */

/* Begin XCBuildConfiguration section */
		374FC98926B951D4001EA329 /* Debug */ = {
			isa = XCBuildConfiguration;
			buildSettings = {
				ALWAYS_SEARCH_USER_PATHS = NO;
				CLANG_ANALYZER_NONNULL = YES;
				CLANG_ANALYZER_NUMBER_OBJECT_CONVERSION = YES_AGGRESSIVE;
				CLANG_CXX_LANGUAGE_STANDARD = "gnu++14";
				CLANG_CXX_LIBRARY = "libc++";
				CLANG_ENABLE_MODULES = YES;
				CLANG_ENABLE_OBJC_ARC = YES;
				CLANG_ENABLE_OBJC_WEAK = YES;
				CLANG_WARN_BLOCK_CAPTURE_AUTORELEASING = YES;
				CLANG_WARN_BOOL_CONVERSION = YES;
				CLANG_WARN_COMMA = YES;
				CLANG_WARN_CONSTANT_CONVERSION = YES;
				CLANG_WARN_DEPRECATED_OBJC_IMPLEMENTATIONS = YES;
				CLANG_WARN_DIRECT_OBJC_ISA_USAGE = YES_ERROR;
				CLANG_WARN_DOCUMENTATION_COMMENTS = YES;
				CLANG_WARN_EMPTY_BODY = YES;
				CLANG_WARN_ENUM_CONVERSION = YES;
				CLANG_WARN_INFINITE_RECURSION = YES;
				CLANG_WARN_INT_CONVERSION = YES;
				CLANG_WARN_NON_LITERAL_NULL_CONVERSION = YES;
				CLANG_WARN_OBJC_IMPLICIT_RETAIN_SELF = YES;
				CLANG_WARN_OBJC_LITERAL_CONVERSION = YES;
				CLANG_WARN_OBJC_ROOT_CLASS = YES_ERROR;
				CLANG_WARN_QUOTED_INCLUDE_IN_FRAMEWORK_HEADER = YES;
				CLANG_WARN_RANGE_LOOP_ANALYSIS = YES;
				CLANG_WARN_STRICT_PROTOTYPES = YES;
				CLANG_WARN_SUSPICIOUS_MOVE = YES;
				CLANG_WARN_UNGUARDED_AVAILABILITY = YES_AGGRESSIVE;
				CLANG_WARN_UNREACHABLE_CODE = YES;
				CLANG_WARN__DUPLICATE_METHOD_MATCH = YES;
				COPY_PHASE_STRIP = NO;
				DEBUG_INFORMATION_FORMAT = dwarf;
				ENABLE_STRICT_OBJC_MSGSEND = YES;
				ENABLE_TESTABILITY = YES;
				GCC_C_LANGUAGE_STANDARD = gnu11;
				GCC_DYNAMIC_NO_PIC = NO;
				GCC_NO_COMMON_BLOCKS = YES;
				GCC_OPTIMIZATION_LEVEL = 0;
				GCC_PREPROCESSOR_DEFINITIONS = (
					"DEBUG=1",
					"$(inherited)",
				);
				GCC_WARN_64_TO_32_BIT_CONVERSION = YES;
				GCC_WARN_ABOUT_RETURN_TYPE = YES_ERROR;
				GCC_WARN_UNDECLARED_SELECTOR = YES;
				GCC_WARN_UNINITIALIZED_AUTOS = YES_AGGRESSIVE;
				GCC_WARN_UNUSED_FUNCTION = YES;
				GCC_WARN_UNUSED_VARIABLE = YES;
				IPHONEOS_DEPLOYMENT_TARGET = 14.5;
				MTL_ENABLE_DEBUG_INFO = INCLUDE_SOURCE;
				MTL_FAST_MATH = YES;
				ONLY_ACTIVE_ARCH = YES;
				SDKROOT = iphoneos;
				SWIFT_ACTIVE_COMPILATION_CONDITIONS = DEBUG;
				SWIFT_OPTIMIZATION_LEVEL = "-Onone";
			};
			name = Debug;
		};
		374FC98A26B951D4001EA329 /* Release */ = {
			isa = XCBuildConfiguration;
			buildSettings = {
				ALWAYS_SEARCH_USER_PATHS = NO;
				CLANG_ANALYZER_NONNULL = YES;
				CLANG_ANALYZER_NUMBER_OBJECT_CONVERSION = YES_AGGRESSIVE;
				CLANG_CXX_LANGUAGE_STANDARD = "gnu++14";
				CLANG_CXX_LIBRARY = "libc++";
				CLANG_ENABLE_MODULES = YES;
				CLANG_ENABLE_OBJC_ARC = YES;
				CLANG_ENABLE_OBJC_WEAK = YES;
				CLANG_WARN_BLOCK_CAPTURE_AUTORELEASING = YES;
				CLANG_WARN_BOOL_CONVERSION = YES;
				CLANG_WARN_COMMA = YES;
				CLANG_WARN_CONSTANT_CONVERSION = YES;
				CLANG_WARN_DEPRECATED_OBJC_IMPLEMENTATIONS = YES;
				CLANG_WARN_DIRECT_OBJC_ISA_USAGE = YES_ERROR;
				CLANG_WARN_DOCUMENTATION_COMMENTS = YES;
				CLANG_WARN_EMPTY_BODY = YES;
				CLANG_WARN_ENUM_CONVERSION = YES;
				CLANG_WARN_INFINITE_RECURSION = YES;
				CLANG_WARN_INT_CONVERSION = YES;
				CLANG_WARN_NON_LITERAL_NULL_CONVERSION = YES;
				CLANG_WARN_OBJC_IMPLICIT_RETAIN_SELF = YES;
				CLANG_WARN_OBJC_LITERAL_CONVERSION = YES;
				CLANG_WARN_OBJC_ROOT_CLASS = YES_ERROR;
				CLANG_WARN_QUOTED_INCLUDE_IN_FRAMEWORK_HEADER = YES;
				CLANG_WARN_RANGE_LOOP_ANALYSIS = YES;
				CLANG_WARN_STRICT_PROTOTYPES = YES;
				CLANG_WARN_SUSPICIOUS_MOVE = YES;
				CLANG_WARN_UNGUARDED_AVAILABILITY = YES_AGGRESSIVE;
				CLANG_WARN_UNREACHABLE_CODE = YES;
				CLANG_WARN__DUPLICATE_METHOD_MATCH = YES;
				COPY_PHASE_STRIP = NO;
				DEBUG_INFORMATION_FORMAT = "dwarf-with-dsym";
				ENABLE_NS_ASSERTIONS = NO;
				ENABLE_STRICT_OBJC_MSGSEND = YES;
				GCC_C_LANGUAGE_STANDARD = gnu11;
				GCC_NO_COMMON_BLOCKS = YES;
				GCC_WARN_64_TO_32_BIT_CONVERSION = YES;
				GCC_WARN_ABOUT_RETURN_TYPE = YES_ERROR;
				GCC_WARN_UNDECLARED_SELECTOR = YES;
				GCC_WARN_UNINITIALIZED_AUTOS = YES_AGGRESSIVE;
				GCC_WARN_UNUSED_FUNCTION = YES;
				GCC_WARN_UNUSED_VARIABLE = YES;
				IPHONEOS_DEPLOYMENT_TARGET = 14.5;
				MTL_ENABLE_DEBUG_INFO = NO;
				MTL_FAST_MATH = YES;
				SDKROOT = iphoneos;
				SWIFT_COMPILATION_MODE = wholemodule;
				SWIFT_OPTIMIZATION_LEVEL = "-O";
				VALIDATE_PRODUCT = YES;
			};
			name = Release;
		};
		374FC98C26B951D4001EA329 /* Debug */ = {
			isa = XCBuildConfiguration;
			baseConfigurationReference = 677A81FB3AEAA40372FABBE4 /* Pods-FlashChat.debug.xcconfig */;
			buildSettings = {
				ASSETCATALOG_COMPILER_APPICON_NAME = AppIcon;
				ASSETCATALOG_COMPILER_GLOBAL_ACCENT_COLOR_NAME = AccentColor;
				CODE_SIGN_STYLE = Automatic;
				DEVELOPMENT_TEAM = M82FLD6C75;
				INFOPLIST_FILE = FlashChat/Info.plist;
				LD_RUNPATH_SEARCH_PATHS = (
					"$(inherited)",
					"@executable_path/Frameworks",
				);
				PRODUCT_BUNDLE_IDENTIFIER = net.shotaroooe.FlashChat;
				PRODUCT_NAME = "$(TARGET_NAME)";
				SWIFT_VERSION = 5.0;
				TARGETED_DEVICE_FAMILY = "1,2";
			};
			name = Debug;
		};
		374FC98D26B951D4001EA329 /* Release */ = {
			isa = XCBuildConfiguration;
			baseConfigurationReference = 8BFA364B4399151C0D468BBA /* Pods-FlashChat.release.xcconfig */;
			buildSettings = {
				ASSETCATALOG_COMPILER_APPICON_NAME = AppIcon;
				ASSETCATALOG_COMPILER_GLOBAL_ACCENT_COLOR_NAME = AccentColor;
				CODE_SIGN_STYLE = Automatic;
				DEVELOPMENT_TEAM = M82FLD6C75;
				INFOPLIST_FILE = FlashChat/Info.plist;
				LD_RUNPATH_SEARCH_PATHS = (
					"$(inherited)",
					"@executable_path/Frameworks",
				);
				PRODUCT_BUNDLE_IDENTIFIER = net.shotaroooe.FlashChat;
				PRODUCT_NAME = "$(TARGET_NAME)";
				SWIFT_VERSION = 5.0;
				TARGETED_DEVICE_FAMILY = "1,2";
			};
			name = Release;
		};
		374FC98F26B951D4001EA329 /* Debug */ = {
			isa = XCBuildConfiguration;
			baseConfigurationReference = BA923A231A867B0E9895C69D /* Pods-FlashChatTests.debug.xcconfig */;
			buildSettings = {
				ALWAYS_EMBED_SWIFT_STANDARD_LIBRARIES = YES;
				BUNDLE_LOADER = "$(TEST_HOST)";
				CODE_SIGN_STYLE = Automatic;
				DEVELOPMENT_TEAM = M82FLD6C75;
				INFOPLIST_FILE = FlashChatTests/Info.plist;
				IPHONEOS_DEPLOYMENT_TARGET = 14.5;
				LD_RUNPATH_SEARCH_PATHS = (
					"$(inherited)",
					"@executable_path/Frameworks",
					"@loader_path/Frameworks",
				);
				PRODUCT_BUNDLE_IDENTIFIER = net.shotaroooe.FlashChatTests;
				PRODUCT_NAME = "$(TARGET_NAME)";
				SWIFT_VERSION = 5.0;
				TARGETED_DEVICE_FAMILY = "1,2";
				TEST_HOST = "$(BUILT_PRODUCTS_DIR)/FlashChat.app/FlashChat";
			};
			name = Debug;
		};
		374FC99026B951D4001EA329 /* Release */ = {
			isa = XCBuildConfiguration;
			baseConfigurationReference = EEC467A4EDB59714A03E9301 /* Pods-FlashChatTests.release.xcconfig */;
			buildSettings = {
				ALWAYS_EMBED_SWIFT_STANDARD_LIBRARIES = YES;
				BUNDLE_LOADER = "$(TEST_HOST)";
				CODE_SIGN_STYLE = Automatic;
				DEVELOPMENT_TEAM = M82FLD6C75;
				INFOPLIST_FILE = FlashChatTests/Info.plist;
				IPHONEOS_DEPLOYMENT_TARGET = 14.5;
				LD_RUNPATH_SEARCH_PATHS = (
					"$(inherited)",
					"@executable_path/Frameworks",
					"@loader_path/Frameworks",
				);
				PRODUCT_BUNDLE_IDENTIFIER = net.shotaroooe.FlashChatTests;
				PRODUCT_NAME = "$(TARGET_NAME)";
				SWIFT_VERSION = 5.0;
				TARGETED_DEVICE_FAMILY = "1,2";
				TEST_HOST = "$(BUILT_PRODUCTS_DIR)/FlashChat.app/FlashChat";
			};
			name = Release;
		};
		374FC99226B951D4001EA329 /* Debug */ = {
			isa = XCBuildConfiguration;
			baseConfigurationReference = 2BF7476F1270D4F8A573A18B /* Pods-FlashChat-FlashChatUITests.debug.xcconfig */;
			buildSettings = {
				ALWAYS_EMBED_SWIFT_STANDARD_LIBRARIES = YES;
				CODE_SIGN_STYLE = Automatic;
				DEVELOPMENT_TEAM = M82FLD6C75;
				INFOPLIST_FILE = FlashChatUITests/Info.plist;
				LD_RUNPATH_SEARCH_PATHS = (
					"$(inherited)",
					"@executable_path/Frameworks",
					"@loader_path/Frameworks",
				);
				PRODUCT_BUNDLE_IDENTIFIER = net.shotaroooe.FlashChatUITests;
				PRODUCT_NAME = "$(TARGET_NAME)";
				SWIFT_VERSION = 5.0;
				TARGETED_DEVICE_FAMILY = "1,2";
				TEST_TARGET_NAME = FlashChat;
			};
			name = Debug;
		};
		374FC99326B951D4001EA329 /* Release */ = {
			isa = XCBuildConfiguration;
			baseConfigurationReference = ED5379B09E6769A979A7E29D /* Pods-FlashChat-FlashChatUITests.release.xcconfig */;
			buildSettings = {
				ALWAYS_EMBED_SWIFT_STANDARD_LIBRARIES = YES;
				CODE_SIGN_STYLE = Automatic;
				DEVELOPMENT_TEAM = M82FLD6C75;
				INFOPLIST_FILE = FlashChatUITests/Info.plist;
				LD_RUNPATH_SEARCH_PATHS = (
					"$(inherited)",
					"@executable_path/Frameworks",
					"@loader_path/Frameworks",
				);
				PRODUCT_BUNDLE_IDENTIFIER = net.shotaroooe.FlashChatUITests;
				PRODUCT_NAME = "$(TARGET_NAME)";
				SWIFT_VERSION = 5.0;
				TARGETED_DEVICE_FAMILY = "1,2";
				TEST_TARGET_NAME = FlashChat;
			};
			name = Release;
		};
/* End XCBuildConfiguration section */

/* Begin XCConfigurationList section */
		374FC95C26B951D0001EA329 /* Build configuration list for PBXProject "FlashChat" */ = {
			isa = XCConfigurationList;
			buildConfigurations = (
				374FC98926B951D4001EA329 /* Debug */,
				374FC98A26B951D4001EA329 /* Release */,
			);
			defaultConfigurationIsVisible = 0;
			defaultConfigurationName = Release;
		};
		374FC98B26B951D4001EA329 /* Build configuration list for PBXNativeTarget "FlashChat" */ = {
			isa = XCConfigurationList;
			buildConfigurations = (
				374FC98C26B951D4001EA329 /* Debug */,
				374FC98D26B951D4001EA329 /* Release */,
			);
			defaultConfigurationIsVisible = 0;
			defaultConfigurationName = Release;
		};
		374FC98E26B951D4001EA329 /* Build configuration list for PBXNativeTarget "FlashChatTests" */ = {
			isa = XCConfigurationList;
			buildConfigurations = (
				374FC98F26B951D4001EA329 /* Debug */,
				374FC99026B951D4001EA329 /* Release */,
			);
			defaultConfigurationIsVisible = 0;
			defaultConfigurationName = Release;
		};
		374FC99126B951D4001EA329 /* Build configuration list for PBXNativeTarget "FlashChatUITests" */ = {
			isa = XCConfigurationList;
			buildConfigurations = (
				374FC99226B951D4001EA329 /* Debug */,
				374FC99326B951D4001EA329 /* Release */,
			);
			defaultConfigurationIsVisible = 0;
			defaultConfigurationName = Release;
		};
/* End XCConfigurationList section */

/* Begin XCRemoteSwiftPackageReference section */
		374FC9AA26BA65AE001EA329 /* XCRemoteSwiftPackageReference "IQKeyboardManager" */ = {
			isa = XCRemoteSwiftPackageReference;
			repositoryURL = "https://github.com/hackiftekhar/IQKeyboardManager";
			requirement = {
				kind = upToNextMajorVersion;
				minimumVersion = 6.5.6;
			};
		};
/* End XCRemoteSwiftPackageReference section */

/* Begin XCSwiftPackageProductDependency section */
		374FC9AB26BA65AE001EA329 /* IQKeyboardManagerSwift */ = {
			isa = XCSwiftPackageProductDependency;
			package = 374FC9AA26BA65AE001EA329 /* XCRemoteSwiftPackageReference "IQKeyboardManager" */;
			productName = IQKeyboardManagerSwift;
		};
/* End XCSwiftPackageProductDependency section */
	};
	rootObject = 374FC95926B951D0001EA329 /* Project object */;
}
